<Solution>
  <Folder Name="/src/">
    <Project Path="src/Nekolla.Nekostick.Controller/Nekolla.Nekostick.Controller.csproj" />
  </Folder>
  <Folder Name="/tests/">
    <Project Path="tests/Nekolla.Nekostick.Controller.IntegrationTests/Nekolla.Nekostick.Controller.IntegrationTests.csproj" />
  </Folder>
</Solution>
